lockfileVersion: '9.0'

settings:
  autoInstallPeers: true
  excludeLinksFromLockfile: false

importers:
  .:
    dependencies:
      '@noble/secp256k1':
        specifier: ^2.2.3
        version: 2.3.0
      crypto:
        specifier: ^1.0.1
        version: 1.0.1

packages:
  '@noble/secp256k1@2.3.0':
    resolution:
      {
        integrity: sha512-0TQed2gcBbIrh7Ccyw+y/uZQvbJwm7Ao4scBUxqpBCcsOlZG0O4KGfjtNAy/li4W8n1xt3dxrwJ0beZ2h2G6Kw==
      }

  crypto@1.0.1:
    resolution:
      {
        integrity: sha512-VxBKmeNcqQdiUQUW2Tzq0t377b54N2bMtXO/qiLa+6eRRmmC4qT3D4OnTGoT/U6O9aklQ/jTwbOtRMTTY8G0Ig==
      }
    deprecated: This package is no longer supported. It's now a built-in Node module. If you've depended on crypto, you should switch to the one that's built-in.

snapshots:
  '@noble/secp256k1@2.3.0': {}

  crypto@1.0.1: {}
